// !$*UTF8*$!
{
	archiveVersion = 1;
	classes = {
	};
	objectVersion = 77;
	objects = {

/* Begin PBXContainerItemProxy section */
		63493DF12EB436AA00C0EF89 /* PBXContainerItemProxy */ = {
			isa = PBXContainerItemProxy;
			containerPortal = 63493DDB2EB436A900C0EF89 /* Project object */;
			proxyType = 1;
			remoteGlobalIDString = 63493DE22EB436A900C0EF89;
			remoteInfo = keyboardCleanerApp;
		};
		63493DFB2EB436AA00C0EF89 /* PBXContainerItemProxy */ = {
			isa = PBXContainerItemProxy;
			containerPortal = 63493DDB2EB436A900C0EF89 /* Project object */;
			proxyType = 1;
			remoteGlobalIDString = 63493DE22EB436A900C0EF89;
			remoteInfo = keyboardCleanerApp;
		};
/* End PBXContainerItemProxy section */

/* Begin PBXFileReference section */
		63493DE32EB436A900C0EF89 /* keyboardCleanerApp.app */ = {isa = PBXFileReference; explicitFileType = wrapper.application; includeInIndex = 0; path = keyboardCleanerApp.app; sourceTree = BUILT_PRODUCTS_DIR; };
		63493DF02EB436AA00C0EF89 /* keyboardCleanerAppTests.xctest */ = {isa = PBXFileReference; explicitFileType = wrapper.cfbundle; includeInIndex = 0; path = keyboardCleanerAppTests.xctest; sourceTree = BUILT_PRODUCTS_DIR; };
		63493DFA2EB436AA00C0EF89 /* keyboardCleanerAppUITests.xctest */ = {isa = PBXFileReference; explicitFileType = wrapper.cfbundle; includeInIndex = 0; path = keyboardCleanerAppUITests.xctest; sourceTree = BUILT_PRODUCTS_DIR; };
		636B95CE2EB45E0A0038E1A1 /* LICENSE */ = {isa = PBXFileReference; lastKnownFileType = text; path = LICENSE; sourceTree = "<group>"; };
/* End PBXFileReference section */

/* Begin PBXFileSystemSynchronizedRootGroup section */
		63493DE52EB436A900C0EF89 /* keyboardCleanerApp */ = {
			isa = PBXFileSystemSynchronizedRootGroup;
			path = keyboardCleanerApp;
			sourceTree = "<group>";
		};
		63493DF32EB436AA00C0EF89 /* keyboardCleanerAppTests */ = {
			isa = PBXFileSystemSynchronizedRootGroup;
			path = keyboardCleanerAppTests;
			sourceTree = "<group>";
		};
		63493DFD2EB436AA00C0EF89 /* keyboardCleanerAppUITests */ = {
			isa = PBXFileSystemSynchronizedRootGroup;
			path = keyboardCleanerAppUITests;
			sourceTree = "<group>";
		};
/* End PBXFileSystemSynchronizedRootGroup section */

/* Begin PBXFrameworksBuildPhase section */
		63493DE02EB436A900C0EF89 /* Frameworks */ = {
			isa = PBXFrameworksBuildPhase;
			buildActionMask = 2147483647;
			files = (
			);
			runOnlyForDeploymentPostprocessing = 0;
		};
		63493DED2EB436AA00C0EF89 /* Frameworks */ = {
			isa = PBXFrameworksBuildPhase;
			buildActionMask = 2147483647;
			files = (
			);
			runOnlyForDeploymentPostprocessing = 0;
		};
		63493DF72EB436AA00C0EF89 /* Frameworks */ = {
			isa = PBXFrameworksBuildPhase;
			buildActionMask = 2147483647;
			files = (
			);
			runOnlyForDeploymentPostprocessing = 0;
		};
/* End PBXFrameworksBuildPhase section */

/* Begin PBXGroup section */
		63493DDA2EB436A900C0EF89 = {
			isa = PBXGroup;
			children = (
				636B95CE2EB45E0A0038E1A1 /* LICENSE */,
				63493DE52EB436A900C0EF89 /* keyboardCleanerApp */,
				63493DF32EB436AA00C0EF89 /* keyboardCleanerAppTests */,
				63493DFD2EB436AA00C0EF89 /* keyboardCleanerAppUITests */,
				63493DE42EB436A900C0EF89 /* Products */,
			);
			sourceTree = "<group>";
		};
		63493DE42EB436A900C0EF89 /* Products */ = {
			isa = PBXGroup;
			children = (
				63493DE32EB436A900C0EF89 /* keyboardCleanerApp.app */,
				63493DF02EB436AA00C0EF89 /* keyboardCleanerAppTests.xctest */,
				63493DFA2EB436AA00C0EF89 /* keyboardCleanerAppUITests.xctest */,
			);
			name = Products;
			sourceTree = "<group>";
		};
/* End PBXGroup section */

/* Begin PBXNativeTarget section */
		63493DE22EB436A900C0EF89 /* keyboardCleanerApp */ = {
			isa = PBXNativeTarget;
			buildConfigurationList = 63493E042EB436AA00C0EF89 /* Build configuration list for PBXNativeTarget "keyboardCleanerApp" */;
			buildPhases = (
				63493DDF2EB436A900C0EF89 /* Sources */,
				63493DE02EB436A900C0EF89 /* Frameworks */,
				63493DE12EB436A900C0EF89 /* Resources */,
			);
			buildRules = (
			);
			dependencies = (
			);
			fileSystemSynchronizedGroups = (
				63493DE52EB436A900C0EF89 /* keyboardCleanerApp */,
			);
			name = keyboardCleanerApp;
			packageProductDependencies = (
			);
			productName = keyboardCleanerApp;
			productReference = 63493DE32EB436A900C0EF89 /* keyboardCleanerApp.app */;
			productType = "com.apple.product-type.application";
		};
		63493DEF2EB436AA00C0EF89 /* keyboardCleanerAppTests */ = {
			isa = PBXNativeTarget;
			buildConfigurationList = 63493E072EB436AA00C0EF89 /* Build configuration list for PBXNativeTarget "keyboardCleanerAppTests" */;
			buildPhases = (
				63493DEC2EB436AA00C0EF89 /* Sources */,
				63493DED2EB436AA00C0EF89 /* Frameworks */,
				63493DEE2EB436AA00C0EF89 /* Resources */,
			);
			buildRules = (
			);
			dependencies = (
				63493DF22EB436AA00C0EF89 /* PBXTargetDependency */,
			);
			fileSystemSynchronizedGroups = (
				63493DF32EB436AA00C0EF89 /* keyboardCleanerAppTests */,
			);
			name = keyboardCleanerAppTests;
			packageProductDependencies = (
			);
			productName = keyboardCleanerAppTests;
			productReference = 63493DF02EB436AA00C0EF89 /* keyboardCleanerAppTests.xctest */;
			productType = "com.apple.product-type.bundle.unit-test";
		};
		63493DF92EB436AA00C0EF89 /* keyboardCleanerAppUITests */ = {
			isa = PBXNativeTarget;
			buildConfigurationList = 63493E0A2EB436AA00C0EF89 /* Build configuration list for PBXNativeTarget "keyboardCleanerAppUITests" */;
			buildPhases = (
				63493DF62EB436AA00C0EF89 /* Sources */,
				63493DF72EB436AA00C0EF89 /* Frameworks */,
				63493DF82EB436AA00C0EF89 /* Resources */,
			);
			buildRules = (
			);
			dependencies = (
				63493DFC2EB436AA00C0EF89 /* PBXTargetDependency */,
			);
			fileSystemSynchronizedGroups = (
				63493DFD2EB436AA00C0EF89 /* keyboardCleanerAppUITests */,
			);
			name = keyboardCleanerAppUITests;
			packageProductDependencies = (
			);
			productName = keyboardCleanerAppUITests;
			productReference = 63493DFA2EB436AA00C0EF89 /* keyboardCleanerAppUITests.xctest */;
			productType = "com.apple.product-type.bundle.ui-testing";
		};
/* End PBXNativeTarget section */

/* Begin PBXProject section */
		63493DDB2EB436A900C0EF89 /* Project object */ = {
			isa = PBXProject;
			attributes = {
				BuildIndependentTargetsInParallel = 1;
				LastSwiftUpdateCheck = 2600;
				LastUpgradeCheck = 2600;
				TargetAttributes = {
					63493DE22EB436A900C0EF89 = {
						CreatedOnToolsVersion = 26.0.1;
					};
					63493DEF2EB436AA00C0EF89 = {
						CreatedOnToolsVersion = 26.0.1;
						TestTargetID = 63493DE22EB436A900C0EF89;
					};
					63493DF92EB436AA00C0EF89 = {
						CreatedOnToolsVersion = 26.0.1;
						TestTargetID = 63493DE22EB436A900C0EF89;
					};
				};
			};
			buildConfigurationList = 63493DDE2EB436A900C0EF89 /* Build configuration list for PBXProject "keyboardCleanerApp" */;
			developmentRegion = en;
			hasScannedForEncodings = 0;
			knownRegions = (
				en,
				Base,
			);
			mainGroup = 63493DDA2EB436A900C0EF89;
			minimizedProjectReferenceProxies = 1;
			preferredProjectObjectVersion = 77;
			productRefGroup = 63493DE42EB436A900C0EF89 /* Products */;
			projectDirPath = "";
			projectRoot = "";
			targets = (
				63493DE22EB436A900C0EF89 /* keyboardCleanerApp */,
				63493DEF2EB436AA00C0EF89 /* keyboardCleanerAppTests */,
				63493DF92EB436AA00C0EF89 /* keyboardCleanerAppUITests */,
			);
		};
/* End PBXProject section */

/* Begin PBXResourcesBuildPhase section */
		63493DE12EB436A900C0EF89 /* Resources */ = {
			isa = PBXResourcesBuildPhase;
			buildActionMask = 2147483647;
			files = (
			);
			runOnlyForDeploymentPostprocessing = 0;
		};
		63493DEE2EB436AA00C0EF89 /* Resources */ = {
			isa = PBXResourcesBuildPhase;
			buildActionMask = 2147483647;
			files = (
			);
			runOnlyForDeploymentPostprocessing = 0;
		};
		63493DF82EB436AA00C0EF89 /* Resources */ = {
			isa = PBXResourcesBuildPhase;
			buildActionMask = 2147483647;
			files = (
			);
			runOnlyForDeploymentPostprocessing = 0;
		};
/* End PBXResourcesBuildPhase section */

/* Begin PBXSourcesBuildPhase section */
		63493DDF2EB436A900C0EF89 /* Sources */ = {
			isa = PBXSourcesBuildPhase;
			buildActionMask = 2147483647;
			files = (
			);
			runOnlyForDeploymentPostprocessing = 0;
		};
		63493DEC2EB436AA00C0EF89 /* Sources */ = {
			isa = PBXSourcesBuildPhase;
			buildActionMask = 2147483647;
			files = (
			);
			runOnlyForDeploymentPostprocessing = 0;
		};
		63493DF62EB436AA00C0EF89 /* Sources */ = {
			isa = PBXSourcesBuildPhase;
			buildActionMask = 2147483647;
			files = (
			);
			runOnlyForDeploymentPostprocessing = 0;
		};
/* End PBXSourcesBuildPhase section */

/* Begin PBXTargetDependency section */
		63493DF22EB436AA00C0EF89 /* PBXTargetDependency */ = {
			isa = PBXTargetDependency;
			target = 63493DE22EB436A900C0EF89 /* keyboardCleanerApp */;
			targetProxy = 63493DF12EB436AA00C0EF89 /* PBXContainerItemProxy */;
		};
		63493DFC2EB436AA00C0EF89 /* PBXTargetDependency */ = {
			isa = PBXTargetDependency;
			target = 63493DE22EB436A900C0EF89 /* keyboardCleanerApp */;
			targetProxy = 63493DFB2EB436AA00C0EF89 /* PBXContainerItemProxy */;
		};
/* End PBXTargetDependency section */

/* Begin XCBuildConfiguration section */
		63493E022EB436AA00C0EF89 /* Debug */ = {
			isa = XCBuildConfiguration;
			buildSettings = {
				ALWAYS_SEARCH_USER_PATHS = NO;
				ASSETCATALOG_COMPILER_GENERATE_SWIFT_ASSET_SYMBOL_EXTENSIONS = YES;
				CLANG_ANALYZER_NONNULL = YES;
				CLANG_ANALYZER_NUMBER_OBJECT_CONVERSION = YES_AGGRESSIVE;
				CLANG_CXX_LANGUAGE_STANDARD = "gnu++20";
				CLANG_ENABLE_MODULES = YES;
				CLANG_ENABLE_OBJC_ARC = YES;
				CLANG_ENABLE_OBJC_WEAK = YES;
				CLANG_WARN_BLOCK_CAPTURE_AUTORELEASING = YES;
				CLANG_WARN_BOOL_CONVERSION = YES;
				CLANG_WARN_COMMA = YES;
				CLANG_WARN_CONSTANT_CONVERSION = YES;
				CLANG_WARN_DEPRECATED_OBJC_IMPLEMENTATIONS = YES;
				CLANG_WARN_DIRECT_OBJC_ISA_USAGE = YES_ERROR;
				CLANG_WARN_DOCUMENTATION_COMMENTS = YES;
				CLANG_WARN_EMPTY_BODY = YES;
				CLANG_WARN_ENUM_CONVERSION = YES;
				CLANG_WARN_INFINITE_RECURSION = YES;
				CLANG_WARN_INT_CONVERSION = YES;
				CLANG_WARN_NON_LITERAL_NULL_CONVERSION = YES;
				CLANG_WARN_OBJC_IMPLICIT_RETAIN_SELF = YES;
				CLANG_WARN_OBJC_LITERAL_CONVERSION = YES;
				CLANG_WARN_OBJC_ROOT_CLASS = YES_ERROR;
				CLANG_WARN_QUOTED_INCLUDE_IN_FRAMEWORK_HEADER = YES;
				CLANG_WARN_RANGE_LOOP_ANALYSIS = YES;
				CLANG_WARN_STRICT_PROTOTYPES = YES;
				CLANG_WARN_SUSPICIOUS_MOVE = YES;
				CLANG_WARN_UNGUARDED_AVAILABILITY = YES_AGGRESSIVE;
				CLANG_WARN_UNREACHABLE_CODE = YES;
				CLANG_WARN__DUPLICATE_METHOD_MATCH = YES;
				COPY_PHASE_STRIP = NO;
				DEBUG_INFORMATION_FORMAT = dwarf;
				ENABLE_STRICT_OBJC_MSGSEND = YES;
				ENABLE_TESTABILITY = YES;
				ENABLE_USER_SCRIPT_SANDBOXING = YES;
				GCC_C_LANGUAGE_STANDARD = gnu17;
				GCC_DYNAMIC_NO_PIC = NO;
				GCC_NO_COMMON_BLOCKS = YES;
				GCC_OPTIMIZATION_LEVEL = 0;
				GCC_PREPROCESSOR_DEFINITIONS = (
					"DEBUG=1",
					"$(inherited)",
				);
				GCC_WARN_64_TO_32_BIT_CONVERSION = YES;
				GCC_WARN_ABOUT_RETURN_TYPE = YES_ERROR;
				GCC_WARN_UNDECLARED_SELECTOR = YES;
				GCC_WARN_UNINITIALIZED_AUTOS = YES_AGGRESSIVE;
				GCC_WARN_UNUSED_FUNCTION = YES;
				GCC_WARN_UNUSED_VARIABLE = YES;
				LOCALIZATION_PREFERS_STRING_CATALOGS = YES;
				MACOSX_DEPLOYMENT_TARGET = 26.0;
				MTL_ENABLE_DEBUG_INFO = INCLUDE_SOURCE;
				MTL_FAST_MATH = YES;
				ONLY_ACTIVE_ARCH = YES;
				SDKROOT = macosx;
				SWIFT_ACTIVE_COMPILATION_CONDITIONS = "DEBUG $(inherited)";
				SWIFT_OPTIMIZATION_LEVEL = "-Onone";
			};
			name = Debug;
		};
		63493E032EB436AA00C0EF89 /* Release */ = {
			isa = XCBuildConfiguration;
			buildSettings = {
				ALWAYS_SEARCH_USER_PATHS = NO;
				ASSETCATALOG_COMPILER_GENERATE_SWIFT_ASSET_SYMBOL_EXTENSIONS = YES;
				CLANG_ANALYZER_NONNULL = YES;
				CLANG_ANALYZER_NUMBER_OBJECT_CONVERSION = YES_AGGRESSIVE;
				CLANG_CXX_LANGUAGE_STANDARD = "gnu++20";
				CLANG_ENABLE_MODULES = YES;
				CLANG_ENABLE_OBJC_ARC = YES;
				CLANG_ENABLE_OBJC_WEAK = YES;
				CLANG_WARN_BLOCK_CAPTURE_AUTORELEASING = YES;
				CLANG_WARN_BOOL_CONVERSION = YES;
				CLANG_WARN_COMMA = YES;
				CLANG_WARN_CONSTANT_CONVERSION = YES;
				CLANG_WARN_DEPRECATED_OBJC_IMPLEMENTATIONS = YES;
				CLANG_WARN_DIRECT_OBJC_ISA_USAGE = YES_ERROR;
				CLANG_WARN_DOCUMENTATION_COMMENTS = YES;
				CLANG_WARN_EMPTY_BODY = YES;
				CLANG_WARN_ENUM_CONVERSION = YES;
				CLANG_WARN_INFINITE_RECURSION = YES;
				CLANG_WARN_INT_CONVERSION = YES;
				CLANG_WARN_NON_LITERAL_NULL_CONVERSION = YES;
				CLANG_WARN_OBJC_IMPLICIT_RETAIN_SELF = YES;
				CLANG_WARN_OBJC_LITERAL_CONVERSION = YES;
				CLANG_WARN_OBJC_ROOT_CLASS = YES_ERROR;
				CLANG_WARN_QUOTED_INCLUDE_IN_FRAMEWORK_HEADER = YES;
				CLANG_WARN_RANGE_LOOP_ANALYSIS = YES;
				CLANG_WARN_STRICT_PROTOTYPES = YES;
				CLANG_WARN_SUSPICIOUS_MOVE = YES;
				CLANG_WARN_UNGUARDED_AVAILABILITY = YES_AGGRESSIVE;
				CLANG_WARN_UNREACHABLE_CODE = YES;
				CLANG_WARN__DUPLICATE_METHOD_MATCH = YES;
				COPY_PHASE_STRIP = NO;
				DEBUG_INFORMATION_FORMAT = "dwarf-with-dsym";
				ENABLE_NS_ASSERTIONS = NO;
				ENABLE_STRICT_OBJC_MSGSEND = YES;
				ENABLE_USER_SCRIPT_SANDBOXING = YES;
				GCC_C_LANGUAGE_STANDARD = gnu17;
				GCC_NO_COMMON_BLOCKS = YES;
				GCC_WARN_64_TO_32_BIT_CONVERSION = YES;
				GCC_WARN_ABOUT_RETURN_TYPE = YES_ERROR;
				GCC_WARN_UNDECLARED_SELECTOR = YES;
				GCC_WARN_UNINITIALIZED_AUTOS = YES_AGGRESSIVE;
				GCC_WARN_UNUSED_FUNCTION = YES;
				GCC_WARN_UNUSED_VARIABLE = YES;
				LOCALIZATION_PREFERS_STRING_CATALOGS = YES;
				MACOSX_DEPLOYMENT_TARGET = 26.0;
				MTL_ENABLE_DEBUG_INFO = NO;
				MTL_FAST_MATH = YES;
				SDKROOT = macosx;
				SWIFT_COMPILATION_MODE = wholemodule;
			};
			name = Release;
		};
		63493E052EB436AA00C0EF89 /* Debug */ = {
			isa = XCBuildConfiguration;
			buildSettings = {
				ASSETCATALOG_COMPILER_APPICON_NAME = AppIcon;
				ASSETCATALOG_COMPILER_GLOBAL_ACCENT_COLOR_NAME = AccentColor;
				CODE_SIGN_STYLE = Automatic;
				COMBINE_HIDPI_IMAGES = YES;
				CURRENT_PROJECT_VERSION = 1;
				ENABLE_APP_SANDBOX = YES;
				ENABLE_PREVIEWS = YES;
				ENABLE_USER_SELECTED_FILES = readonly;
				GENERATE_INFOPLIST_FILE = YES;
				INFOPLIST_KEY_NSHumanReadableCopyright = "";
				LD_RUNPATH_SEARCH_PATHS = (
					"$(inherited)",
					"@executable_path/../Frameworks",
				);
				MARKETING_VERSION = 1.0;
				PRODUCT_BUNDLE_IDENTIFIER = mgalindob.keyboardCleanerApp;
				PRODUCT_NAME = "$(TARGET_NAME)";
				REGISTER_APP_GROUPS = YES;
				STRING_CATALOG_GENERATE_SYMBOLS = YES;
				SWIFT_APPROACHABLE_CONCURRENCY = YES;
				SWIFT_DEFAULT_ACTOR_ISOLATION = MainActor;
				SWIFT_EMIT_LOC_STRINGS = YES;
				SWIFT_UPCOMING_FEATURE_MEMBER_IMPORT_VISIBILITY = YES;
				SWIFT_VERSION = 5.0;
			};
			name = Debug;
		};
		63493E062EB436AA00C0EF89 /* Release */ = {
			isa = XCBuildConfiguration;
			buildSettings = {
				ASSETCATALOG_COMPILER_APPICON_NAME = AppIcon;
				ASSETCATALOG_COMPILER_GLOBAL_ACCENT_COLOR_NAME = AccentColor;
				CODE_SIGN_STYLE = Automatic;
				COMBINE_HIDPI_IMAGES = YES;
				CURRENT_PROJECT_VERSION = 1;
				ENABLE_APP_SANDBOX = YES;
				ENABLE_PREVIEWS = YES;
				ENABLE_USER_SELECTED_FILES = readonly;
				GENERATE_INFOPLIST_FILE = YES;
				INFOPLIST_KEY_NSHumanReadableCopyright = "";
				LD_RUNPATH_SEARCH_PATHS = (
					"$(inherited)",
					"@executable_path/../Frameworks",
				);
				MARKETING_VERSION = 1.0;
				PRODUCT_BUNDLE_IDENTIFIER = mgalindob.keyboardCleanerApp;
				PRODUCT_NAME = "$(TARGET_NAME)";
				REGISTER_APP_GROUPS = YES;
				STRING_CATALOG_GENERATE_SYMBOLS = YES;
				SWIFT_APPROACHABLE_CONCURRENCY = YES;
				SWIFT_DEFAULT_ACTOR_ISOLATION = MainActor;
				SWIFT_EMIT_LOC_STRINGS = YES;
				SWIFT_UPCOMING_FEATURE_MEMBER_IMPORT_VISIBILITY = YES;
				SWIFT_VERSION = 5.0;
			};
			name = Release;
		};
		63493E082EB436AA00C0EF89 /* Debug */ = {
			isa = XCBuildConfiguration;
			buildSettings = {
				BUNDLE_LOADER = "$(TEST_HOST)";
				CODE_SIGN_STYLE = Automatic;
				CURRENT_PROJECT_VERSION = 1;
				GENERATE_INFOPLIST_FILE = YES;
				MACOSX_DEPLOYMENT_TARGET = 26.0;
				MARKETING_VERSION = 1.0;
				PRODUCT_BUNDLE_IDENTIFIER = mgalindob.keyboardCleanerAppTests;
				PRODUCT_NAME = "$(TARGET_NAME)";
				STRING_CATALOG_GENERATE_SYMBOLS = NO;
				SWIFT_APPROACHABLE_CONCURRENCY = YES;
				SWIFT_EMIT_LOC_STRINGS = NO;
				SWIFT_UPCOMING_FEATURE_MEMBER_IMPORT_VISIBILITY = YES;
				SWIFT_VERSION = 5.0;
				TEST_HOST = "$(BUILT_PRODUCTS_DIR)/keyboardCleanerApp.app/$(BUNDLE_EXECUTABLE_FOLDER_PATH)/keyboardCleanerApp";
			};
			name = Debug;
		};
		63493E092EB436AA00C0EF89 /* Release */ = {
			isa = XCBuildConfiguration;
			buildSettings = {
				BUNDLE_LOADER = "$(TEST_HOST)";
				CODE_SIGN_STYLE = Automatic;
				CURRENT_PROJECT_VERSION = 1;
				GENERATE_INFOPLIST_FILE = YES;
				MACOSX_DEPLOYMENT_TARGET = 26.0;
				MARKETING_VERSION = 1.0;
				PRODUCT_BUNDLE_IDENTIFIER = mgalindob.keyboardCleanerAppTests;
				PRODUCT_NAME = "$(TARGET_NAME)";
				STRING_CATALOG_GENERATE_SYMBOLS = NO;
				SWIFT_APPROACHABLE_CONCURRENCY = YES;
				SWIFT_EMIT_LOC_STRINGS = NO;
				SWIFT_UPCOMING_FEATURE_MEMBER_IMPORT_VISIBILITY = YES;
				SWIFT_VERSION = 5.0;
				TEST_HOST = "$(BUILT_PRODUCTS_DIR)/keyboardCleanerApp.app/$(BUNDLE_EXECUTABLE_FOLDER_PATH)/keyboardCleanerApp";
			};
			name = Release;
		};
		63493E0B2EB436AA00C0EF89 /* Debug */ = {
			isa = XCBuildConfiguration;
			buildSettings = {
				CODE_SIGN_STYLE = Automatic;
				CURRENT_PROJECT_VERSION = 1;
				GENERATE_INFOPLIST_FILE = YES;
				MARKETING_VERSION = 1.0;
				PRODUCT_BUNDLE_IDENTIFIER = mgalindob.keyboardCleanerAppUITests;
				PRODUCT_NAME = "$(TARGET_NAME)";
				STRING_CATALOG_GENERATE_SYMBOLS = NO;
				SWIFT_APPROACHABLE_CONCURRENCY = YES;
				SWIFT_EMIT_LOC_STRINGS = NO;
				SWIFT_UPCOMING_FEATURE_MEMBER_IMPORT_VISIBILITY = YES;
				SWIFT_VERSION = 5.0;
				TEST_TARGET_NAME = keyboardCleanerApp;
			};
			name = Debug;
		};
		63493E0C2EB436AA00C0EF89 /* Release */ = {
			isa = XCBuildConfiguration;
			buildSettings = {
				CODE_SIGN_STYLE = Automatic;
				CURRENT_PROJECT_VERSION = 1;
				GENERATE_INFOPLIST_FILE = YES;
				MARKETING_VERSION = 1.0;
				PRODUCT_BUNDLE_IDENTIFIER = mgalindob.keyboardCleanerAppUITests;
				PRODUCT_NAME = "$(TARGET_NAME)";
				STRING_CATALOG_GENERATE_SYMBOLS = NO;
				SWIFT_APPROACHABLE_CONCURRENCY = YES;
				SWIFT_EMIT_LOC_STRINGS = NO;
				SWIFT_UPCOMING_FEATURE_MEMBER_IMPORT_VISIBILITY = YES;
				SWIFT_VERSION = 5.0;
				TEST_TARGET_NAME = keyboardCleanerApp;
			};
			name = Release;
		};
/* End XCBuildConfiguration section */

/* Begin XCConfigurationList section */
		63493DDE2EB436A900C0EF89 /* Build configuration list for PBXProject "keyboardCleanerApp" */ = {
			isa = XCConfigurationList;
			buildConfigurations = (
				63493E022EB436AA00C0EF89 /* Debug */,
				63493E032EB436AA00C0EF89 /* Release */,
			);
			defaultConfigurationIsVisible = 0;
			defaultConfigurationName = Release;
		};
		63493E042EB436AA00C0EF89 /* Build configuration list for PBXNativeTarget "keyboardCleanerApp" */ = {
			isa = XCConfigurationList;
			buildConfigurations = (
				63493E052EB436AA00C0EF89 /* Debug */,
				63493E062EB436AA00C0EF89 /* Release */,
			);
			defaultConfigurationIsVisible = 0;
			defaultConfigurationName = Release;
		};
		63493E072EB436AA00C0EF89 /* Build configuration list for PBXNativeTarget "keyboardCleanerAppTests" */ = {
			isa = XCConfigurationList;
			buildConfigurations = (
				63493E082EB436AA00C0EF89 /* Debug */,
				63493E092EB436AA00C0EF89 /* Release */,
			);
			defaultConfigurationIsVisible = 0;
			defaultConfigurationName = Release;
		};
		63493E0A2EB436AA00C0EF89 /* Build configuration list for PBXNativeTarget "keyboardCleanerAppUITests" */ = {
			isa = XCConfigurationList;
			buildConfigurations = (
				63493E0B2EB436AA00C0EF89 /* Debug */,
				63493E0C2EB436AA00C0EF89 /* Release */,
			);
			defaultConfigurationIsVisible = 0;
			defaultConfigurationName = Release;
		};
/* End XCConfigurationList section */
	};
	rootObject = 63493DDB2EB436A900C0EF89 /* Project object */;
}
